
Microsoft Visual Studio Solution File, Format Version 12.00
# Visual Studio Version 16
VisualStudioVersion = 16.0.31112.23
MinimumVisualStudioVersion = 10.0.40219.1
Project("{FAE04EC0-301F-11D3-BF4B-00C04F79EFBC}") = "WebApiAutores", "WebApiAutores\WebApiAutores.csproj", "{330E5D53-EA80-4ECF-9D11-D1EA3F1F7C16}"
EndProject
Global
	GlobalSection(SolutionConfigurationPlatforms) = preSolution
		Debug|Any CPU = Debug|Any CPU
		Release|Any CPU = Release|Any CPU
	EndGlobalSection
	GlobalSection(ProjectConfigurationPlatforms) = postSolution
		{330E5D53-EA80-4ECF-9D11-D1EA3F1F7C16}.Debug|Any CPU.ActiveCfg = Debug|Any CPU
		{330E5D53-EA80-4ECF-9D11-D1EA3F1F7C16}.Debug|Any CPU.Build.0 = Debug|Any CPU
		{330E5D53-EA80-4ECF-9D11-D1EA3F1F7C16}.Release|Any CPU.ActiveCfg = Release|Any CPU
		{330E5D53-EA80-4ECF-9D11-D1EA3F1F7C16}.Release|Any CPU.Build.0 = Release|Any CPU
	EndGlobalSection
	GlobalSection(SolutionProperties) = preSolution
		HideSolutionNode = FALSE
	EndGlobalSection
	GlobalSection(ExtensibilityGlobals) = postSolution
		SolutionGuid = {F0AF5479-D30A-47FE-9EF1-51FBDF7B7132}
	EndGlobalSection
EndGlobal
